
Microsoft Visual Studio Solution File, Format Version 12.00
# Visual Studio Version 16
VisualStudioVersion = 16.0.29009.5
MinimumVisualStudioVersion = 10.0.40219.1
Project("{FAE04EC0-301F-11D3-BF4B-00C04F79EFBC}") = "StepByStepDemo", "StepByStepDemo\StepByStepDemo.csproj", "{08062DFF-3E0E-4588-9B68-0A7D501789C4}"
EndProject
Project("{2150E333-8FDC-42A3-9474-1A3956D46DE8}") = "1.UI", "1.UI", "{5E606439-83F5-4047-991C-9C51A541F267}"
EndProject
Project("{2150E333-8FDC-42A3-9474-1A3956D46DE8}") = "2.Application", "2.Application", "{094F545D-B69D-4515-9F1E-558D650BB8D1}"
EndProject
Project("{2150E333-8FDC-42A3-9474-1A3956D46DE8}") = "3.Repository", "3.Repository", "{9DD696CB-A662-4673-9E9D-B334339CDF75}"
EndProject
Project("{2150E333-8FDC-42A3-9474-1A3956D46DE8}") = "4.Entity", "4.Entity", "{70755095-8F99-4DF3-8477-402ACED8DA20}"
EndProject
Project("{2150E333-8FDC-42A3-9474-1A3956D46DE8}") = "5.Infrastructure", "5.Infrastructure", "{1469B77A-4AD8-4BC9-9953-BFE519072B89}"
EndProject
Project("{FAE04EC0-301F-11D3-BF4B-00C04F79EFBC}") = "ConfigureExtensionsModule", "ConfigureExtensionsModule\ConfigureExtensionsModule.csproj", "{3307EC0D-52ED-4992-9B66-AB47B2907AD3}"
EndProject
Project("{9A19103F-16F7-4668-BE54-9A1E7A4F7556}") = "AspNetCoreApiCommonModule", "AspNetCoreApiCommonModule\AspNetCoreApiCommonModule.csproj", "{83127D6D-A0C1-4649-AF7B-367DD35EAC63}"
EndProject
Global
	GlobalSection(SolutionConfigurationPlatforms) = preSolution
		Debug|Any CPU = Debug|Any CPU
		Release|Any CPU = Release|Any CPU
	EndGlobalSection
	GlobalSection(ProjectConfigurationPlatforms) = postSolution
		{08062DFF-3E0E-4588-9B68-0A7D501789C4}.Debug|Any CPU.ActiveCfg = Debug|Any CPU
		{08062DFF-3E0E-4588-9B68-0A7D501789C4}.Debug|Any CPU.Build.0 = Debug|Any CPU
		{08062DFF-3E0E-4588-9B68-0A7D501789C4}.Release|Any CPU.ActiveCfg = Release|Any CPU
		{08062DFF-3E0E-4588-9B68-0A7D501789C4}.Release|Any CPU.Build.0 = Release|Any CPU
		{3307EC0D-52ED-4992-9B66-AB47B2907AD3}.Debug|Any CPU.ActiveCfg = Debug|Any CPU
		{3307EC0D-52ED-4992-9B66-AB47B2907AD3}.Debug|Any CPU.Build.0 = Debug|Any CPU
		{3307EC0D-52ED-4992-9B66-AB47B2907AD3}.Release|Any CPU.ActiveCfg = Release|Any CPU
		{3307EC0D-52ED-4992-9B66-AB47B2907AD3}.Release|Any CPU.Build.0 = Release|Any CPU
		{83127D6D-A0C1-4649-AF7B-367DD35EAC63}.Debug|Any CPU.ActiveCfg = Debug|Any CPU
		{83127D6D-A0C1-4649-AF7B-367DD35EAC63}.Debug|Any CPU.Build.0 = Debug|Any CPU
		{83127D6D-A0C1-4649-AF7B-367DD35EAC63}.Release|Any CPU.ActiveCfg = Release|Any CPU
		{83127D6D-A0C1-4649-AF7B-367DD35EAC63}.Release|Any CPU.Build.0 = Release|Any CPU
	EndGlobalSection
	GlobalSection(SolutionProperties) = preSolution
		HideSolutionNode = FALSE
	EndGlobalSection
	GlobalSection(NestedProjects) = preSolution
		{08062DFF-3E0E-4588-9B68-0A7D501789C4} = {5E606439-83F5-4047-991C-9C51A541F267}
		{3307EC0D-52ED-4992-9B66-AB47B2907AD3} = {094F545D-B69D-4515-9F1E-558D650BB8D1}
		{83127D6D-A0C1-4649-AF7B-367DD35EAC63} = {094F545D-B69D-4515-9F1E-558D650BB8D1}
	EndGlobalSection
	GlobalSection(ExtensibilityGlobals) = postSolution
		SolutionGuid = {8B54548A-647F-4465-9253-F8F104848447}
	EndGlobalSection
EndGlobal
