
Microsoft Visual Studio Solution File, Format Version 12.00
# Visual Studio Version 16
VisualStudioVersion = 16.0.29009.5
MinimumVisualStudioVersion = 10.0.40219.1
Project("{9A19103F-16F7-4668-BE54-9A1E7A4F7556}") = "StepByStepDemo", "StepByStepDemo\StepByStepDemo.csproj", "{08062DFF-3E0E-4588-9B68-0A7D501789C4}"
EndProject
Project("{2150E333-8FDC-42A3-9474-1A3956D46DE8}") = "1.UI", "1.UI", "{5E606439-83F5-4047-991C-9C51A541F267}"
EndProject
Project("{2150E333-8FDC-42A3-9474-1A3956D46DE8}") = "2.Application", "2.Application", "{094F545D-B69D-4515-9F1E-558D650BB8D1}"
EndProject
Project("{2150E333-8FDC-42A3-9474-1A3956D46DE8}") = "3.Repository", "3.Repository", "{9DD696CB-A662-4673-9E9D-B334339CDF75}"
EndProject
Project("{2150E333-8FDC-42A3-9474-1A3956D46DE8}") = "4.Entity", "4.Entity", "{70755095-8F99-4DF3-8477-402ACED8DA20}"
EndProject
Project("{2150E333-8FDC-42A3-9474-1A3956D46DE8}") = "5.Infrastructure", "5.Infrastructure", "{1469B77A-4AD8-4BC9-9953-BFE519072B89}"
EndProject
Project("{9A19103F-16F7-4668-BE54-9A1E7A4F7556}") = "ConfigureExtensionsModule", "ConfigureExtensionsModule\ConfigureExtensionsModule.csproj", "{3307EC0D-52ED-4992-9B66-AB47B2907AD3}"
EndProject
Project("{9A19103F-16F7-4668-BE54-9A1E7A4F7556}") = "AspNetCoreApiCommonModule", "AspNetCoreApiCommonModule\AspNetCoreApiCommonModule.csproj", "{83127D6D-A0C1-4649-AF7B-367DD35EAC63}"
EndProject
Project("{9A19103F-16F7-4668-BE54-9A1E7A4F7556}") = "RabbitMQModule", "RabbitMQModule\RabbitMQModule.csproj", "{6B902440-69F6-4A23-BBAF-9C280161EBB3}"
EndProject
Project("{9A19103F-16F7-4668-BE54-9A1E7A4F7556}") = "RedisModule", "RedisModule\RedisModule.csproj", "{B26ABD6C-3D78-47D8-A50A-ACB329F03FE3}"
EndProject
Project("{9A19103F-16F7-4668-BE54-9A1E7A4F7556}") = "Repository.IServices", "Repository.IServices\Repository.IServices.csproj", "{B6ABBDD0-6141-4967-8D36-CB0F4F797A5F}"
EndProject
Project("{9A19103F-16F7-4668-BE54-9A1E7A4F7556}") = "Repository.Services", "Repository.Services\Repository.Services.csproj", "{4E303E2B-20F8-443D-B962-0D76C22C220B}"
EndProject
Project("{9A19103F-16F7-4668-BE54-9A1E7A4F7556}") = "EntityFrameworkModule", "EntityFrameworkModule\EntityFrameworkModule.csproj", "{31719DB4-FEA7-49D9-8CA4-819B305F138D}"
EndProject
Project("{9A19103F-16F7-4668-BE54-9A1E7A4F7556}") = "DBEntityModule", "DBEntityModule\DBEntityModule.csproj", "{B0C926EA-A887-4EFE-B11B-13670DA5A72D}"
EndProject
Project("{2150E333-8FDC-42A3-9474-1A3956D46DE8}") = "6.Document", "6.Document", "{E6275E4A-A99D-47D0-9184-4D2D41A7374F}"
	ProjectSection(SolutionItems) = preProject
		C:\Users\Administrator\Desktop\Consul安装.docx = C:\Users\Administrator\Desktop\Consul安装.docx
		C:\Users\Administrator\Desktop\RabbutMQ.docx = C:\Users\Administrator\Desktop\RabbutMQ.docx
	EndProjectSection
EndProject
Project("{9A19103F-16F7-4668-BE54-9A1E7A4F7556}") = "OcelotGetway", "OcelotGetway\OcelotGetway.csproj", "{FD0B4108-C09B-440F-9CE0-3521A7A4DA3F}"
EndProject
Project("{FAE04EC0-301F-11D3-BF4B-00C04F79EFBC}") = "MicroService", "MicroService\MicroService.csproj", "{FFD8EF09-ADD8-4B93-9627-B58833D9A4BF}"
EndProject
Project("{FAE04EC0-301F-11D3-BF4B-00C04F79EFBC}") = "StepByStep.Common", "StepByStep.Common\StepByStep.Common.csproj", "{137E382B-80AF-4D3E-9E61-379BFC8196F7}"
EndProject
Global
	GlobalSection(SolutionConfigurationPlatforms) = preSolution
		Debug|Any CPU = Debug|Any CPU
		Release|Any CPU = Release|Any CPU
	EndGlobalSection
	GlobalSection(ProjectConfigurationPlatforms) = postSolution
		{08062DFF-3E0E-4588-9B68-0A7D501789C4}.Debug|Any CPU.ActiveCfg = Debug|Any CPU
		{08062DFF-3E0E-4588-9B68-0A7D501789C4}.Debug|Any CPU.Build.0 = Debug|Any CPU
		{08062DFF-3E0E-4588-9B68-0A7D501789C4}.Release|Any CPU.ActiveCfg = Release|Any CPU
		{08062DFF-3E0E-4588-9B68-0A7D501789C4}.Release|Any CPU.Build.0 = Release|Any CPU
		{3307EC0D-52ED-4992-9B66-AB47B2907AD3}.Debug|Any CPU.ActiveCfg = Debug|Any CPU
		{3307EC0D-52ED-4992-9B66-AB47B2907AD3}.Debug|Any CPU.Build.0 = Debug|Any CPU
		{3307EC0D-52ED-4992-9B66-AB47B2907AD3}.Release|Any CPU.ActiveCfg = Release|Any CPU
		{3307EC0D-52ED-4992-9B66-AB47B2907AD3}.Release|Any CPU.Build.0 = Release|Any CPU
		{83127D6D-A0C1-4649-AF7B-367DD35EAC63}.Debug|Any CPU.ActiveCfg = Debug|Any CPU
		{83127D6D-A0C1-4649-AF7B-367DD35EAC63}.Debug|Any CPU.Build.0 = Debug|Any CPU
		{83127D6D-A0C1-4649-AF7B-367DD35EAC63}.Release|Any CPU.ActiveCfg = Release|Any CPU
		{83127D6D-A0C1-4649-AF7B-367DD35EAC63}.Release|Any CPU.Build.0 = Release|Any CPU
		{6B902440-69F6-4A23-BBAF-9C280161EBB3}.Debug|Any CPU.ActiveCfg = Debug|Any CPU
		{6B902440-69F6-4A23-BBAF-9C280161EBB3}.Debug|Any CPU.Build.0 = Debug|Any CPU
		{6B902440-69F6-4A23-BBAF-9C280161EBB3}.Release|Any CPU.ActiveCfg = Release|Any CPU
		{6B902440-69F6-4A23-BBAF-9C280161EBB3}.Release|Any CPU.Build.0 = Release|Any CPU
		{B26ABD6C-3D78-47D8-A50A-ACB329F03FE3}.Debug|Any CPU.ActiveCfg = Debug|Any CPU
		{B26ABD6C-3D78-47D8-A50A-ACB329F03FE3}.Debug|Any CPU.Build.0 = Debug|Any CPU
		{B26ABD6C-3D78-47D8-A50A-ACB329F03FE3}.Release|Any CPU.ActiveCfg = Release|Any CPU
		{B26ABD6C-3D78-47D8-A50A-ACB329F03FE3}.Release|Any CPU.Build.0 = Release|Any CPU
		{B6ABBDD0-6141-4967-8D36-CB0F4F797A5F}.Debug|Any CPU.ActiveCfg = Debug|Any CPU
		{B6ABBDD0-6141-4967-8D36-CB0F4F797A5F}.Debug|Any CPU.Build.0 = Debug|Any CPU
		{B6ABBDD0-6141-4967-8D36-CB0F4F797A5F}.Release|Any CPU.ActiveCfg = Release|Any CPU
		{B6ABBDD0-6141-4967-8D36-CB0F4F797A5F}.Release|Any CPU.Build.0 = Release|Any CPU
		{4E303E2B-20F8-443D-B962-0D76C22C220B}.Debug|Any CPU.ActiveCfg = Debug|Any CPU
		{4E303E2B-20F8-443D-B962-0D76C22C220B}.Debug|Any CPU.Build.0 = Debug|Any CPU
		{4E303E2B-20F8-443D-B962-0D76C22C220B}.Release|Any CPU.ActiveCfg = Release|Any CPU
		{4E303E2B-20F8-443D-B962-0D76C22C220B}.Release|Any CPU.Build.0 = Release|Any CPU
		{31719DB4-FEA7-49D9-8CA4-819B305F138D}.Debug|Any CPU.ActiveCfg = Debug|Any CPU
		{31719DB4-FEA7-49D9-8CA4-819B305F138D}.Debug|Any CPU.Build.0 = Debug|Any CPU
		{31719DB4-FEA7-49D9-8CA4-819B305F138D}.Release|Any CPU.ActiveCfg = Release|Any CPU
		{31719DB4-FEA7-49D9-8CA4-819B305F138D}.Release|Any CPU.Build.0 = Release|Any CPU
		{B0C926EA-A887-4EFE-B11B-13670DA5A72D}.Debug|Any CPU.ActiveCfg = Debug|Any CPU
		{B0C926EA-A887-4EFE-B11B-13670DA5A72D}.Debug|Any CPU.Build.0 = Debug|Any CPU
		{B0C926EA-A887-4EFE-B11B-13670DA5A72D}.Release|Any CPU.ActiveCfg = Release|Any CPU
		{B0C926EA-A887-4EFE-B11B-13670DA5A72D}.Release|Any CPU.Build.0 = Release|Any CPU
		{FD0B4108-C09B-440F-9CE0-3521A7A4DA3F}.Debug|Any CPU.ActiveCfg = Debug|Any CPU
		{FD0B4108-C09B-440F-9CE0-3521A7A4DA3F}.Debug|Any CPU.Build.0 = Debug|Any CPU
		{FD0B4108-C09B-440F-9CE0-3521A7A4DA3F}.Release|Any CPU.ActiveCfg = Release|Any CPU
		{FD0B4108-C09B-440F-9CE0-3521A7A4DA3F}.Release|Any CPU.Build.0 = Release|Any CPU
		{FFD8EF09-ADD8-4B93-9627-B58833D9A4BF}.Debug|Any CPU.ActiveCfg = Debug|Any CPU
		{FFD8EF09-ADD8-4B93-9627-B58833D9A4BF}.Debug|Any CPU.Build.0 = Debug|Any CPU
		{FFD8EF09-ADD8-4B93-9627-B58833D9A4BF}.Release|Any CPU.ActiveCfg = Release|Any CPU
		{FFD8EF09-ADD8-4B93-9627-B58833D9A4BF}.Release|Any CPU.Build.0 = Release|Any CPU
		{137E382B-80AF-4D3E-9E61-379BFC8196F7}.Debug|Any CPU.ActiveCfg = Debug|Any CPU
		{137E382B-80AF-4D3E-9E61-379BFC8196F7}.Debug|Any CPU.Build.0 = Debug|Any CPU
		{137E382B-80AF-4D3E-9E61-379BFC8196F7}.Release|Any CPU.ActiveCfg = Release|Any CPU
		{137E382B-80AF-4D3E-9E61-379BFC8196F7}.Release|Any CPU.Build.0 = Release|Any CPU
	EndGlobalSection
	GlobalSection(SolutionProperties) = preSolution
		HideSolutionNode = FALSE
	EndGlobalSection
	GlobalSection(NestedProjects) = preSolution
		{08062DFF-3E0E-4588-9B68-0A7D501789C4} = {5E606439-83F5-4047-991C-9C51A541F267}
		{3307EC0D-52ED-4992-9B66-AB47B2907AD3} = {094F545D-B69D-4515-9F1E-558D650BB8D1}
		{83127D6D-A0C1-4649-AF7B-367DD35EAC63} = {094F545D-B69D-4515-9F1E-558D650BB8D1}
		{6B902440-69F6-4A23-BBAF-9C280161EBB3} = {094F545D-B69D-4515-9F1E-558D650BB8D1}
		{B26ABD6C-3D78-47D8-A50A-ACB329F03FE3} = {094F545D-B69D-4515-9F1E-558D650BB8D1}
		{B6ABBDD0-6141-4967-8D36-CB0F4F797A5F} = {9DD696CB-A662-4673-9E9D-B334339CDF75}
		{4E303E2B-20F8-443D-B962-0D76C22C220B} = {9DD696CB-A662-4673-9E9D-B334339CDF75}
		{31719DB4-FEA7-49D9-8CA4-819B305F138D} = {9DD696CB-A662-4673-9E9D-B334339CDF75}
		{B0C926EA-A887-4EFE-B11B-13670DA5A72D} = {9DD696CB-A662-4673-9E9D-B334339CDF75}
		{FD0B4108-C09B-440F-9CE0-3521A7A4DA3F} = {5E606439-83F5-4047-991C-9C51A541F267}
		{FFD8EF09-ADD8-4B93-9627-B58833D9A4BF} = {5E606439-83F5-4047-991C-9C51A541F267}
		{137E382B-80AF-4D3E-9E61-379BFC8196F7} = {1469B77A-4AD8-4BC9-9953-BFE519072B89}
	EndGlobalSection
	GlobalSection(ExtensibilityGlobals) = postSolution
		SolutionGuid = {8B54548A-647F-4465-9253-F8F104848447}
	EndGlobalSection
EndGlobal
